
Microsoft Visual Studio Solution File, Format Version 12.00
# Visual Studio Version 16
VisualStudioVersion = 25.0.1704.0
MinimumVisualStudioVersion = 10.0.40219.1
Project("{FAE04EC0-301F-11D3-BF4B-00C04F79EFBC}") = "homework60", "homework60\homework60.csproj", "{F03D0334-4D2C-4879-88D3-90D5BC7F4CE2}"
EndProject
Global
	GlobalSection(SolutionConfigurationPlatforms) = preSolution
		Debug|Any CPU = Debug|Any CPU
		Release|Any CPU = Release|Any CPU
	EndGlobalSection
	GlobalSection(ProjectConfigurationPlatforms) = postSolution
		{F03D0334-4D2C-4879-88D3-90D5BC7F4CE2}.Debug|Any CPU.ActiveCfg = Debug|Any CPU
		{F03D0334-4D2C-4879-88D3-90D5BC7F4CE2}.Debug|Any CPU.Build.0 = Debug|Any CPU
		{F03D0334-4D2C-4879-88D3-90D5BC7F4CE2}.Release|Any CPU.ActiveCfg = Release|Any CPU
		{F03D0334-4D2C-4879-88D3-90D5BC7F4CE2}.Release|Any CPU.Build.0 = Release|Any CPU
	EndGlobalSection
	GlobalSection(SolutionProperties) = preSolution
		HideSolutionNode = FALSE
	EndGlobalSection
	GlobalSection(ExtensibilityGlobals) = postSolution
		SolutionGuid = {7B75175C-2EAB-47F1-961D-FDAFDA10508F}
	EndGlobalSection
EndGlobal
